hash: 33fafcf616bbf9c566f55c65174aef151ff4d5f92d0c30d4cef59431a705c48f
updated: 2016-11-01T11:26:46.919895153+09:00
imports:
- name: github.com/go-sql-driver/mysql
  version: a732e14c62dde3285440047bba97581bc472ae18
- name: github.com/go-xorm/core
  version: 5bf745d7d163f4380e6c2bba8c4afa60534dd087
- name: github.com/go-xorm/xorm
  version: 838b2268ae0847e6cfab5c0359c496983223e9dd
- name: github.com/jinzhu/gorm
  version: 5174cc5c242a728b435ea2be8a2f7f998e15429b
  subpackages:
  - dialects/mysql
- name: github.com/jinzhu/inflection
  version: 74387dc39a75e970e7a3ae6a3386b5bd2e5c5cff
- name: github.com/mholt/binding
  version: 89411c4ffb61f0ebef45d8bdb830103b358ef9fa
- name: github.com/Sirupsen/logrus
  version: 4b6ea7319e214d98c938f12692336f7ca9348d6b
- name: golang.org/x/sys
  version: a646d33e2ee3172a661fc09bca23bb4889a41bc8
  subpackages:
  - unix
testImports: []
